
Microsoft Visual Studio Solution File, Format Version 12.00
# Visual Studio Version 17
VisualStudioVersion = 17.3.32811.315
MinimumVisualStudioVersion = 10.0.40219.1
Project("{9A19103F-16F7-4668-BE54-9A1E7A4F7556}") = "ClassScheduler.WPF", "ClassScheduler.WPF\ClassScheduler.WPF.csproj", "{139C572D-31A7-4F5B-B16A-406AD12C4C83}"
EndProject
Project("{9A19103F-16F7-4668-BE54-9A1E7A4F7556}") = "ClassScheduler.Runner", "ClassScheduler.Runner\ClassScheduler.Runner.csproj", "{1267BA65-10DA-49DC-AEC5-40AD2A98F404}"
EndProject
Global
	GlobalSection(SolutionConfigurationPlatforms) = preSolution
		Debug|Any CPU = Debug|Any CPU
		Debug|x64 = Debug|x64
		Release|Any CPU = Release|Any CPU
		Release|x64 = Release|x64
	EndGlobalSection
	GlobalSection(ProjectConfigurationPlatforms) = postSolution
		{139C572D-31A7-4F5B-B16A-406AD12C4C83}.Debug|Any CPU.ActiveCfg = Debug|Any CPU
		{139C572D-31A7-4F5B-B16A-406AD12C4C83}.Debug|Any CPU.Build.0 = Debug|Any CPU
		{139C572D-31A7-4F5B-B16A-406AD12C4C83}.Debug|x64.ActiveCfg = Debug|x64
		{139C572D-31A7-4F5B-B16A-406AD12C4C83}.Debug|x64.Build.0 = Debug|x64
		{139C572D-31A7-4F5B-B16A-406AD12C4C83}.Release|Any CPU.ActiveCfg = Release|Any CPU
		{139C572D-31A7-4F5B-B16A-406AD12C4C83}.Release|Any CPU.Build.0 = Release|Any CPU
		{139C572D-31A7-4F5B-B16A-406AD12C4C83}.Release|x64.ActiveCfg = Release|x64
		{139C572D-31A7-4F5B-B16A-406AD12C4C83}.Release|x64.Build.0 = Release|x64
		{1267BA65-10DA-49DC-AEC5-40AD2A98F404}.Debug|Any CPU.ActiveCfg = Debug|Any CPU
		{1267BA65-10DA-49DC-AEC5-40AD2A98F404}.Debug|Any CPU.Build.0 = Debug|Any CPU
		{1267BA65-10DA-49DC-AEC5-40AD2A98F404}.Debug|x64.ActiveCfg = Debug|x64
		{1267BA65-10DA-49DC-AEC5-40AD2A98F404}.Debug|x64.Build.0 = Debug|x64
		{1267BA65-10DA-49DC-AEC5-40AD2A98F404}.Release|Any CPU.ActiveCfg = Release|Any CPU
		{1267BA65-10DA-49DC-AEC5-40AD2A98F404}.Release|Any CPU.Build.0 = Release|Any CPU
		{1267BA65-10DA-49DC-AEC5-40AD2A98F404}.Release|x64.ActiveCfg = Release|x64
		{1267BA65-10DA-49DC-AEC5-40AD2A98F404}.Release|x64.Build.0 = Release|x64
	EndGlobalSection
	GlobalSection(SolutionProperties) = preSolution
		HideSolutionNode = FALSE
	EndGlobalSection
	GlobalSection(ExtensibilityGlobals) = postSolution
		SolutionGuid = {EB2037B6-B837-4DF7-8BF3-0FE5DC4A37EA}
	EndGlobalSection
EndGlobal
